
Microsoft Visual Studio Solution File, Format Version 12.00
# Visual Studio Version 17
VisualStudioVersion = 17.7.34221.43
MinimumVisualStudioVersion = 10.0.40219.1
Project("{FAE04EC0-301F-11D3-BF4B-00C04F79EFBC}") = "ConsoleApp", "ConsoleApp.csproj", "{B109B808-CF08-439D-84D2-5A80C506FE8F}"
EndProject
Global
	GlobalSection(SolutionConfigurationPlatforms) = preSolution
		Debug|Any CPU = Debug|Any CPU
		Release|Any CPU = Release|Any CPU
	EndGlobalSection
	GlobalSection(ProjectConfigurationPlatforms) = postSolution
		{B109B808-CF08-439D-84D2-5A80C506FE8F}.Debug|Any CPU.ActiveCfg = Debug|Any CPU
		{B109B808-CF08-439D-84D2-5A80C506FE8F}.Debug|Any CPU.Build.0 = Debug|Any CPU
		{B109B808-CF08-439D-84D2-5A80C506FE8F}.Release|Any CPU.ActiveCfg = Release|Any CPU
		{B109B808-CF08-439D-84D2-5A80C506FE8F}.Release|Any CPU.Build.0 = Release|Any CPU
	EndGlobalSection
	GlobalSection(SolutionProperties) = preSolution
		HideSolutionNode = FALSE
	EndGlobalSection
	GlobalSection(ExtensibilityGlobals) = postSolution
		SolutionGuid = {3EF7C149-AD5F-4C22-BFB7-E315B00A0BD1}
	EndGlobalSection
EndGlobal
